
Microsoft Visual Studio Solution File, Format Version 12.00
# Visual Studio Version 17
VisualStudioVersion = 17.0.31903.59
MinimumVisualStudioVersion = 10.0.40219.1
Project("{2150E333-8FDC-42A3-9474-1A3956D46DE8}") = "src", "src", "{8D8C4D1A-F3B1-4C5E-8A9B-1B2C3D4E5F6A}"
EndProject
Project("{2150E333-8FDC-42A3-9474-1A3956D46DE8}") = "Core", "Core", "{9E9D5E2B-G4C2-5D6F-9B0C-2C3D4E5F6G7B}"
EndProject
Project("{2150E333-8FDC-42A3-9474-1A3956D46DE8}") = "tests", "tests", "{0F0E6F3C-H5D3-6E7G-0C1D-3D4E5F6G7H8C}"
EndProject
Project("{FAE04EC0-301F-11D3-BF4B-00C04F79EFBC}") = "Domain", "src\Core\Domain\Domain.csproj", "{1A1B1C1D-2E2F-3A3B-4C4D-5E5F6A6B7C7D}"
EndProject
Project("{FAE04EC0-301F-11D3-BF4B-00C04F79EFBC}") = "Application", "src\Core\Application\Application.csproj", "{2B2C2D2E-3F3A-4B4C-5D5E-6F6A7B7C8D8E}"
EndProject
Project("{FAE04EC0-301F-11D3-BF4B-00C04F79EFBC}") = "Shared", "src\Core\Shared\Shared.csproj", "{3C3D3E3F-4A4B-5C5D-6E6F-7A7B8C8D9E9F}"
EndProject
Project("{FAE04EC0-301F-11D3-BF4B-00C04F79EFBC}") = "Infrastructure", "src\Infrastructure\Infrastructure.csproj", "{4D4E4F4A-5B5C-6D6E-7F7A-8B8C9D9E0F0A}"
EndProject
Project("{FAE04EC0-301F-11D3-BF4B-00C04F79EFBC}") = "Host", "src\Host\Host.csproj", "{5E5F5A5B-6C6D-7E7F-8A8B-9C9D0E0F1A1B}"
EndProject
Project("{FAE04EC0-301F-11D3-BF4B-00C04F79EFBC}") = "Application.Tests", "tests\Application.Tests\Application.Tests.csproj", "{6F6A6B6C-7D7E-8F8A-9B9C-0D0E1F1A2B2C}"
EndProject
Project("{FAE04EC0-301F-11D3-BF4B-00C04F79EFBC}") = "Infrastructure.Tests", "tests\Infrastructure.Tests\Infrastructure.Tests.csproj", "{7A7B7C7D-8E8F-9A9B-0C0D-1E1F2A2B3C3D}"
EndProject
Global
	GlobalSection(SolutionConfigurationPlatforms) = preSolution
		Debug|Any CPU = Debug|Any CPU
		Release|Any CPU = Release|Any CPU
	EndGlobalSection
	GlobalSection(ProjectConfigurationPlatforms) = postSolution
		{1A1B1C1D-2E2F-3A3B-4C4D-5E5F6A6B7C7D}.Debug|Any CPU.ActiveCfg = Debug|Any CPU
		{1A1B1C1D-2E2F-3A3B-4C4D-5E5F6A6B7C7D}.Debug|Any CPU.Build.0 = Debug|Any CPU
		{1A1B1C1D-2E2F-3A3B-4C4D-5E5F6A6B7C7D}.Release|Any CPU.ActiveCfg = Release|Any CPU
		{1A1B1C1D-2E2F-3A3B-4C4D-5E5F6A6B7C7D}.Release|Any CPU.Build.0 = Release|Any CPU
		{2B2C2D2E-3F3A-4B4C-5D5E-6F6A7B7C8D8E}.Debug|Any CPU.ActiveCfg = Debug|Any CPU
		{2B2C2D2E-3F3A-4B4C-5D5E-6F6A7B7C8D8E}.Debug|Any CPU.Build.0 = Debug|Any CPU
		{2B2C2D2E-3F3A-4B4C-5D5E-6F6A7B7C8D8E}.Release|Any CPU.ActiveCfg = Release|Any CPU
		{2B2C2D2E-3F3A-4B4C-5D5E-6F6A7B7C8D8E}.Release|Any CPU.Build.0 = Release|Any CPU
		{3C3D3E3F-4A4B-5C5D-6E6F-7A7B8C8D9E9F}.Debug|Any CPU.ActiveCfg = Debug|Any CPU
		{3C3D3E3F-4A4B-5C5D-6E6F-7A7B8C8D9E9F}.Debug|Any CPU.Build.0 = Debug|Any CPU
		{3C3D3E3F-4A4B-5C5D-6E6F-7A7B8C8D9E9F}.Release|Any CPU.ActiveCfg = Release|Any CPU
		{3C3D3E3F-4A4B-5C5D-6E6F-7A7B8C8D9E9F}.Release|Any CPU.Build.0 = Release|Any CPU
		{4D4E4F4A-5B5C-6D6E-7F7A-8B8C9D9E0F0A}.Debug|Any CPU.ActiveCfg = Debug|Any CPU
		{4D4E4F4A-5B5C-6D6E-7F7A-8B8C9D9E0F0A}.Debug|Any CPU.Build.0 = Debug|Any CPU
		{4D4E4F4A-5B5C-6D6E-7F7A-8B8C9D9E0F0A}.Release|Any CPU.ActiveCfg = Release|Any CPU
		{4D4E4F4A-5B5C-6D6E-7F7A-8B8C9D9E0F0A}.Release|Any CPU.Build.0 = Release|Any CPU
		{5E5F5A5B-6C6D-7E7F-8A8B-9C9D0E0F1A1B}.Debug|Any CPU.ActiveCfg = Debug|Any CPU
		{5E5F5A5B-6C6D-7E7F-8A8B-9C9D0E0F1A1B}.Debug|Any CPU.Build.0 = Debug|Any CPU
		{5E5F5A5B-6C6D-7E7F-8A8B-9C9D0E0F1A1B}.Release|Any CPU.ActiveCfg = Release|Any CPU
		{5E5F5A5B-6C6D-7E7F-8A8B-9C9D0E0F1A1B}.Release|Any CPU.Build.0 = Release|Any CPU
		{6F6A6B6C-7D7E-8F8A-9B9C-0D0E1F1A2B2C}.Debug|Any CPU.ActiveCfg = Debug|Any CPU
		{6F6A6B6C-7D7E-8F8A-9B9C-0D0E1F1A2B2C}.Debug|Any CPU.Build.0 = Debug|Any CPU
		{6F6A6B6C-7D7E-8F8A-9B9C-0D0E1F1A2B2C}.Release|Any CPU.ActiveCfg = Release|Any CPU
		{6F6A6B6C-7D7E-8F8A-9B9C-0D0E1F1A2B2C}.Release|Any CPU.Build.0 = Release|Any CPU
		{7A7B7C7D-8E8F-9A9B-0C0D-1E1F2A2B3C3D}.Debug|Any CPU.ActiveCfg = Debug|Any CPU
		{7A7B7C7D-8E8F-9A9B-0C0D-1E1F2A2B3C3D}.Debug|Any CPU.Build.0 = Debug|Any CPU
		{7A7B7C7D-8E8F-9A9B-0C0D-1E1F2A2B3C3D}.Release|Any CPU.ActiveCfg = Release|Any CPU
		{7A7B7C7D-8E8F-9A9B-0C0D-1E1F2A2B3C3D}.Release|Any CPU.Build.0 = Release|Any CPU
	EndGlobalSection
	GlobalSection(NestedProjects) = preSolution
		{9E9D5E2B-G4C2-5D6F-9B0C-2C3D4E5F6G7B} = {8D8C4D1A-F3B1-4C5E-8A9B-1B2C3D4E5F6A}
		{1A1B1C1D-2E2F-3A3B-4C4D-5E5F6A6B7C7D} = {9E9D5E2B-G4C2-5D6F-9B0C-2C3D4E5F6G7B}
		{2B2C2D2E-3F3A-4B4C-5D5E-6F6A7B7C8D8E} = {9E9D5E2B-G4C2-5D6F-9B0C-2C3D4E5F6G7B}
		{3C3D3E3F-4A4B-5C5D-6E6F-7A7B8C8D9E9F} = {9E9D5E2B-G4C2-5D6F-9B0C-2C3D4E5F6G7B}
		{4D4E4F4A-5B5C-6D6E-7F7A-8B8C9D9E0F0A} = {8D8C4D1A-F3B1-4C5E-8A9B-1B2C3D4E5F6A}
		{5E5F5A5B-6C6D-7E7F-8A8B-9C9D0E0F1A1B} = {8D8C4D1A-F3B1-4C5E-8A9B-1B2C3D4E5F6A}
		{6F6A6B6C-7D7E-8F8A-9B9C-0D0E1F1A2B2C} = {0F0E6F3C-H5D3-6E7G-0C1D-3D4E5F6G7H8C}
		{7A7B7C7D-8E8F-9A9B-0C0D-1E1F2A2B3C3D} = {0F0E6F3C-H5D3-6E7G-0C1D-3D4E5F6G7H8C}
	EndGlobalSection
EndGlobal
